
Microsoft Visual Studio Solution File, Format Version 12.00
# Visual Studio Version 16
VisualStudioVersion = 16.0.31515.178
MinimumVisualStudioVersion = 10.0.40219.1
Project("{FAE04EC0-301F-11D3-BF4B-00C04F79EFBC}") = "Acervo de Jogos", "Acervo de Jogos.csproj", "{A9BCBCC5-5E7D-4F02-B0AD-F75001C2D998}"
EndProject
Global
	GlobalSection(SolutionConfigurationPlatforms) = preSolution
		Debug|Any CPU = Debug|Any CPU
		Release|Any CPU = Release|Any CPU
	EndGlobalSection
	GlobalSection(ProjectConfigurationPlatforms) = postSolution
		{A9BCBCC5-5E7D-4F02-B0AD-F75001C2D998}.Debug|Any CPU.ActiveCfg = Debug|Any CPU
		{A9BCBCC5-5E7D-4F02-B0AD-F75001C2D998}.Debug|Any CPU.Build.0 = Debug|Any CPU
		{A9BCBCC5-5E7D-4F02-B0AD-F75001C2D998}.Release|Any CPU.ActiveCfg = Release|Any CPU
		{A9BCBCC5-5E7D-4F02-B0AD-F75001C2D998}.Release|Any CPU.Build.0 = Release|Any CPU
	EndGlobalSection
	GlobalSection(SolutionProperties) = preSolution
		HideSolutionNode = FALSE
	EndGlobalSection
	GlobalSection(ExtensibilityGlobals) = postSolution
		SolutionGuid = {F9E25A78-B3BB-401B-B275-6E7B484366A3}
	EndGlobalSection
EndGlobal
